
Microsoft Visual Studio Solution File, Format Version 12.00
# Visual Studio Version 17
VisualStudioVersion = 17.6.33829.357
MinimumVisualStudioVersion = 10.0.40219.1
Project("{FAE04EC0-301F-11D3-BF4B-00C04F79EFBC}") = "ASSIGN", "ASSIGN.csproj", "{FD4D0DE8-CF36-4CDC-9EB8-E5F03DA631B1}"
EndProject
Global
	GlobalSection(SolutionConfigurationPlatforms) = preSolution
		Debug|Any CPU = Debug|Any CPU
		Release|Any CPU = Release|Any CPU
	EndGlobalSection
	GlobalSection(ProjectConfigurationPlatforms) = postSolution
		{FD4D0DE8-CF36-4CDC-9EB8-E5F03DA631B1}.Debug|Any CPU.ActiveCfg = Debug|Any CPU
		{FD4D0DE8-CF36-4CDC-9EB8-E5F03DA631B1}.Debug|Any CPU.Build.0 = Debug|Any CPU
		{FD4D0DE8-CF36-4CDC-9EB8-E5F03DA631B1}.Release|Any CPU.ActiveCfg = Release|Any CPU
		{FD4D0DE8-CF36-4CDC-9EB8-E5F03DA631B1}.Release|Any CPU.Build.0 = Release|Any CPU
	EndGlobalSection
	GlobalSection(SolutionProperties) = preSolution
		HideSolutionNode = FALSE
	EndGlobalSection
	GlobalSection(ExtensibilityGlobals) = postSolution
		SolutionGuid = {505107D4-6D33-47B7-8479-D84FD8FB96BD}
	EndGlobalSection
EndGlobal
